
Microsoft Visual Studio Solution File, Format Version 11.00
# Visual Studio 2010
Project("{8BC9CEB8-8B4A-11D0-8D11-00A0C91BC942}") = "astA4", "astA4\astA4.vcxproj", "{56483839-014E-4F2B-BA4E-F0B1133C9E65}"
EndProject
Global
	GlobalSection(SolutionConfigurationPlatforms) = preSolution
		Debug|Win32 = Debug|Win32
		Release|Win32 = Release|Win32
	EndGlobalSection
	GlobalSection(ProjectConfigurationPlatforms) = postSolution
		{56483839-014E-4F2B-BA4E-F0B1133C9E65}.Debug|Win32.ActiveCfg = Debug|Win32
		{56483839-014E-4F2B-BA4E-F0B1133C9E65}.Debug|Win32.Build.0 = Debug|Win32
		{56483839-014E-4F2B-BA4E-F0B1133C9E65}.Release|Win32.ActiveCfg = Release|Win32
		{56483839-014E-4F2B-BA4E-F0B1133C9E65}.Release|Win32.Build.0 = Release|Win32
	EndGlobalSection
	GlobalSection(SolutionProperties) = preSolution
		HideSolutionNode = FALSE
	EndGlobalSection
EndGlobal
