
Microsoft Visual Studio Solution File, Format Version 11.00
# Visual Studio 2010
Project("{8BC9CEB8-8B4A-11D0-8D11-00A0C91BC942}") = "sad2", "sad2\sad2.vcxproj", "{EBBE2FB7-1923-48F8-9CEF-72B0EC7B6381}"
EndProject
Global
	GlobalSection(SolutionConfigurationPlatforms) = preSolution
		Debug|Win32 = Debug|Win32
		Release|Win32 = Release|Win32
	EndGlobalSection
	GlobalSection(ProjectConfigurationPlatforms) = postSolution
		{EBBE2FB7-1923-48F8-9CEF-72B0EC7B6381}.Debug|Win32.ActiveCfg = Debug|Win32
		{EBBE2FB7-1923-48F8-9CEF-72B0EC7B6381}.Debug|Win32.Build.0 = Debug|Win32
		{EBBE2FB7-1923-48F8-9CEF-72B0EC7B6381}.Release|Win32.ActiveCfg = Release|Win32
		{EBBE2FB7-1923-48F8-9CEF-72B0EC7B6381}.Release|Win32.Build.0 = Release|Win32
	EndGlobalSection
	GlobalSection(SolutionProperties) = preSolution
		HideSolutionNode = FALSE
	EndGlobalSection
EndGlobal
