
Microsoft Visual Studio Solution File, Format Version 11.00
# Visual Studio 2010
Project("{8BC9CEB8-8B4A-11D0-8D11-00A0C91BC942}") = "dsaadA2", "dsaadA2\dsaadA2.vcxproj", "{92B74AD7-19EC-49A3-B251-6BB19808B496}"
EndProject
Global
	GlobalSection(SolutionConfigurationPlatforms) = preSolution
		Debug|Win32 = Debug|Win32
		Release|Win32 = Release|Win32
	EndGlobalSection
	GlobalSection(ProjectConfigurationPlatforms) = postSolution
		{92B74AD7-19EC-49A3-B251-6BB19808B496}.Debug|Win32.ActiveCfg = Debug|Win32
		{92B74AD7-19EC-49A3-B251-6BB19808B496}.Debug|Win32.Build.0 = Debug|Win32
		{92B74AD7-19EC-49A3-B251-6BB19808B496}.Release|Win32.ActiveCfg = Release|Win32
		{92B74AD7-19EC-49A3-B251-6BB19808B496}.Release|Win32.Build.0 = Release|Win32
	EndGlobalSection
	GlobalSection(SolutionProperties) = preSolution
		HideSolutionNode = FALSE
	EndGlobalSection
EndGlobal
